
Microsoft Visual Studio Solution File, Format Version 12.00
# Visual Studio 15
VisualStudioVersion = 15.0.27703.2042
MinimumVisualStudioVersion = 10.0.40219.1
Project("{9A19103F-16F7-4668-BE54-9A1E7A4F7556}") = "DutchTreat", "DutchTreat\DutchTreat.csproj", "{5F83CAF0-A85A-422E-8EF8-61CEF872D2FD}"
EndProject
Global
	GlobalSection(SolutionConfigurationPlatforms) = preSolution
		Debug|Any CPU = Debug|Any CPU
		Release|Any CPU = Release|Any CPU
	EndGlobalSection
	GlobalSection(ProjectConfigurationPlatforms) = postSolution
		{5F83CAF0-A85A-422E-8EF8-61CEF872D2FD}.Debug|Any CPU.ActiveCfg = Debug|Any CPU
		{5F83CAF0-A85A-422E-8EF8-61CEF872D2FD}.Debug|Any CPU.Build.0 = Debug|Any CPU
		{5F83CAF0-A85A-422E-8EF8-61CEF872D2FD}.Release|Any CPU.ActiveCfg = Release|Any CPU
		{5F83CAF0-A85A-422E-8EF8-61CEF872D2FD}.Release|Any CPU.Build.0 = Release|Any CPU
	EndGlobalSection
	GlobalSection(SolutionProperties) = preSolution
		HideSolutionNode = FALSE
	EndGlobalSection
	GlobalSection(ExtensibilityGlobals) = postSolution
		SolutionGuid = {AE01136C-09B8-4420-BECE-A69FA17E0876}
	EndGlobalSection
EndGlobal
